{
  "originHash" : "33257d315bb0b283affb6d426a104ea075627124e992dbad733fdb8559bea1da",
  "pins" : [
    {
      "identity" : "accessibility-statement-lib-ios",
      "kind" : "remoteSourceControl",
      "location" : "https://github.com/Orange-OpenSource/accessibility-statement-lib-ios.git",
      "state" : {
        "revision" : "6a6bbbfee9c11a0c804198ad185988a97c22c47d",
        "version" : "2.2.0-beta.2"
      }
    },
    {
      "identity" : "ouds-ios",
      "kind" : "remoteSourceControl",
      "location" : "https://github.com/Orange-OpenSource/ouds-ios",
      "state" : {
        "branch" : "develop",
        "revision" : "6b79ac08bf13f6f75266418e68b9e74d0788bd68"
      }
    },
    {
      "identity" : "swift-custom-dump",
      "kind" : "remoteSourceControl",
      "location" : "https://github.com/pointfreeco/swift-custom-dump",
      "state" : {
        "revision" : "2a2a938798236b8fa0bc57c453ee9de9f9ec3ab0",
        "version" : "1.4.1"
      }
    },
    {
      "identity" : "swift-docc-plugin",
      "kind" : "remoteSourceControl",
      "location" : "https://github.com/swiftlang/swift-docc-plugin",
      "state" : {
        "revision" : "e977f65879f82b375a044c8837597f690c067da6",
        "version" : "1.4.6"
      }
    },
    {
      "identity" : "swift-docc-symbolkit",
      "kind" : "remoteSourceControl",
      "location" : "https://github.com/swiftlang/swift-docc-symbolkit",
      "state" : {
        "revision" : "b45d1f2ed151d057b54504d653e0da5552844e34",
        "version" : "1.0.0"
      }
    },
    {
      "identity" : "swift-snapshot-testing",
      "kind" : "remoteSourceControl",
      "location" : "https://github.com/pointfreeco/swift-snapshot-testing.git",
      "state" : {
        "revision" : "a8b7c5e0ed33d8ab8887d1654d9b59f2cbad529b",
        "version" : "1.18.7"
      }
    },
    {
      "identity" : "swift-syntax",
      "kind" : "remoteSourceControl",
      "location" : "https://github.com/swiftlang/swift-syntax",
      "state" : {
        "revision" : "4799286537280063c85a32f09884cfbca301b1a1",
        "version" : "602.0.0"
      }
    },
    {
      "identity" : "swiftformat",
      "kind" : "remoteSourceControl",
      "location" : "https://github.com/nicklockwood/SwiftFormat",
      "state" : {
        "revision" : "22a472ced4c621a0e41b982a6f32dec868d09392",
        "version" : "0.59.1"
      }
    },
    {
      "identity" : "swiftlintplugins",
      "kind" : "remoteSourceControl",
      "location" : "https://github.com/SimplyDanny/SwiftLintPlugins",
      "state" : {
        "revision" : "8a4640d14777685ba8f14e832373160498fbab92",
        "version" : "0.63.2"
      }
    },
    {
      "identity" : "xctest-dynamic-overlay",
      "kind" : "remoteSourceControl",
      "location" : "https://github.com/pointfreeco/xctest-dynamic-overlay",
      "state" : {
        "revision" : "34e463e98ab8541c604af706c99bed7160f5ec70",
        "version" : "1.8.1"
      }
    }
  ],
  "version" : 3
}
